
Microsoft Visual Studio Solution File, Format Version 12.00
# Visual Studio Version 17
VisualStudioVersion = 17.6.33815.320
MinimumVisualStudioVersion = 10.0.40219.1
Project("{FAE04EC0-301F-11D3-BF4B-00C04F79EFBC}") = "Maliroso_Section2", "Maliroso_Section2\Maliroso_Section2.csproj", "{F5251244-477A-47FB-B5FB-EEC617B7036F}"
EndProject
Global
	GlobalSection(SolutionConfigurationPlatforms) = preSolution
		Debug|Any CPU = Debug|Any CPU
		Release|Any CPU = Release|Any CPU
	EndGlobalSection
	GlobalSection(ProjectConfigurationPlatforms) = postSolution
		{F5251244-477A-47FB-B5FB-EEC617B7036F}.Debug|Any CPU.ActiveCfg = Debug|Any CPU
		{F5251244-477A-47FB-B5FB-EEC617B7036F}.Debug|Any CPU.Build.0 = Debug|Any CPU
		{F5251244-477A-47FB-B5FB-EEC617B7036F}.Release|Any CPU.ActiveCfg = Release|Any CPU
		{F5251244-477A-47FB-B5FB-EEC617B7036F}.Release|Any CPU.Build.0 = Release|Any CPU
	EndGlobalSection
	GlobalSection(SolutionProperties) = preSolution
		HideSolutionNode = FALSE
	EndGlobalSection
	GlobalSection(ExtensibilityGlobals) = postSolution
		SolutionGuid = {6FDF7ED9-AF4E-49F3-9C4B-6A83E3D40474}
	EndGlobalSection
EndGlobal
